{
  "name": "tension-example-res",
  "version": "0.1.0",
  "lockfileVersion": 3,
  "requires": true,
  "packages": {
    "": {
      "name": "tension-example-res",
      "version": "0.1.0",
      "dependencies": {
        "tension-framework": "file:../../tension-framework"
      },
      "devDependencies": {
        "assemblyscript": "~0.28.8"
      }
    },
    "../../tension-framework": {
      "version": "0.1.0",
      "license": "MIT",
      "devDependencies": {
        "assemblyscript": "~0.28.8"
      }
    },
    "../../tension-framework/node_modules/assemblyscript": {
      "version": "0.28.20",
      "dev": true,
      "license": "Apache-2.0",
      "dependencies": {
        "binaryen": "131.0.0-nightly.20260721",
        "long": "^5.2.4"
      },
      "bin": {
        "asc": "bin/asc.js",
        "asinit": "bin/asinit.js"
      },
      "engines": {
        "node": ">=20",
        "npm": ">=10"
      },
      "funding": {
        "type": "opencollective",
        "url": "https://opencollective.com/assemblyscript"
      }
    },
    "../../tension-framework/node_modules/binaryen": {
      "version": "131.0.0-nightly.20260721",
      "dev": true,
      "license": "Apache-2.0",
      "bin": {
        "wasm-as": "bin/wasm-as",
        "wasm-ctor-eval": "bin/wasm-ctor-eval",
        "wasm-dis": "bin/wasm-dis",
        "wasm-merge": "bin/wasm-merge",
        "wasm-metadce": "bin/wasm-metadce",
        "wasm-opt": "bin/wasm-opt",
        "wasm-reduce": "bin/wasm-reduce",
        "wasm-shell": "bin/wasm-shell",
        "wasm2js": "bin/wasm2js"
      }
    },
    "../../tension-framework/node_modules/long": {
      "version": "5.3.2",
      "dev": true,
      "license": "Apache-2.0"
    },
    "../io/node_modules/assemblyscript": {
      "version": "0.28.20",
      "dev": true,
      "license": "Apache-2.0",
      "dependencies": {
        "binaryen": "131.0.0-nightly.20260721",
        "long": "^5.2.4"
      },
      "bin": {
        "asc": "bin/asc.js",
        "asinit": "bin/asinit.js"
      },
      "engines": {
        "node": ">=20",
        "npm": ">=10"
      },
      "funding": {
        "type": "opencollective",
        "url": "https://opencollective.com/assemblyscript"
      }
    },
    "node_modules/assemblyscript": {
      "resolved": "../io/node_modules/assemblyscript",
      "link": true
    },
    "node_modules/tension-framework": {
      "resolved": "../../tension-framework",
      "link": true
    }
  }
}
